{
    "_readme": [
        "This file locks the dependencies of your project to a known state",
        "Read more about it at https://getcomposer.org/doc/01-basic-usage.md#composer-lock-the-lock-file",
        "This file is @generated automatically"
    ],
    "hash": "d2caa0d18a413bea2c9117c30dd835b4",
    "content-hash": "c766d26587c7fcf90008df6b381ffa3d",
    "packages": [
        {
            "name": "eway/eway-rapid-php",
            "version": "v1.3.0",
            "source": {
                "type": "git",
                "url": "https://github.com/eWAYPayment/eway-rapid-php.git",
                "reference": "5f895d8b89e2f05e3e010e2897e62a88888af1fd"
            },
            "dist": {
                "type": "zip",
                "url": "https://api.github.com/repos/eWAYPayment/eway-rapid-php/zipball/5f895d8b89e2f05e3e010e2897e62a88888af1fd",
                "reference": "5f895d8b89e2f05e3e010e2897e62a88888af1fd",
                "shasum": ""
            },
            "require": {
                "ext-curl": "*",
                "ext-json": "*",
                "php": ">=5.4.0"
            },
            "require-dev": {
                "internations/http-mock": "~0.7",
                "jeremeamia/superclosure": "1.0.2",
                "phpdocumentor/phpdocumentor": "~2.8",
                "phpunit/phpunit": "4.8.*",
                "squizlabs/php_codesniffer": "2.*"
            },
            "type": "library",
            "autoload": {
                "psr-4": {
                    "Eway\\": "src"
                }
            },
            "notification-url": "https://packagist.org/downloads/",
            "license": [
                "MIT"
            ],
            "authors": [
                {
                    "name": "eWAY",
                    "homepage": "https://www.eway.com.au"
                }
            ],
            "description": "eWAY Rapid PHP library",
            "homepage": "https://www.eway.com.au",
            "keywords": [
                "eway",
                "payment processing",
                "payments",
                "rapid"
            ],
            "time": "2016-04-06 01:37:39"
        }
    ],
    "packages-dev": [],
    "aliases": [],
    "minimum-stability": "stable",
    "stability-flags": [],
    "prefer-stable": false,
    "prefer-lowest": false,
    "platform": {
        "php": ">=5.4.16"
    },
    "platform-dev": []
}
